# This file is automatically @generated by Poetry 2.4.1 and should not be changed by hand.

[[package]]
name = "attrs"
version = "26.1.0"
description = "Classes Without Boilerplate"
optional = false
python-versions = ">=3.9"
groups = ["main"]
files = [
    {file = "attrs-26.1.0-py3-none-any.whl", hash = "sha256:c647aa4a12dfbad9333ca4e71fe62ddc36f4e63b2d260a37a8b83d2f043ac309"},
    {file = "attrs-26.1.0.tar.gz", hash = "sha256:d03ceb89cb322a8fd706d4fb91940737b6642aa36998fe130a9bc96c985eff32"},
]

[[package]]
name = "aws-lambda-powertools"
version = "3.31.1"
description = "Powertools for AWS Lambda (Python) is a developer toolkit to implement Serverless best practices and increase developer velocity."
optional = false
python-versions = "<4.0.0,>=3.10"
groups = ["main"]
files = [
    {file = "aws_lambda_powertools-3.31.1-py3-none-any.whl", hash = "sha256:cd03f824bc11b59df727744fa9a419a01772d85fd0b15a67eee07f5472b37c77"},
    {file = "aws_lambda_powertools-3.31.1.tar.gz", hash = "sha256:b46e575c7e290c55fe81ae4a38d8b5c91238242a4644438f8b858ce535a4125c"},
]

[package.dependencies]
aws-xray-sdk = {version = ">=2.8.0,<3.0.0", optional = true, markers = "extra == \"tracer\" or extra == \"all\""}
fastjsonschema = {version = ">=2.14.5,<3.0.0", optional = true, markers = "extra == \"validation\" or extra == \"all\""}
jmespath = ">=1.0.1,<2.0.0"
typing-extensions = ">=4.11.0,<5.0.0"

[package.extras]
all = ["aws-encryption-sdk (>=4.0.5,<5.0.0)", "aws-xray-sdk (>=2.8.0,<3.0.0)", "fastjsonschema (>=2.14.5,<3.0.0)", "jsonpath-ng (>=1.6.0,<2.0.0)", "pydantic (>=2.4.0,<3.0.0)", "pydantic-settings (>=2.6.1,<3.0.0)"]
aws-sdk = ["boto3 (>=1.34.32,<2.0.0)"]
datadog = ["datadog-lambda (>=8.114.0,<9.0.0)"]
datamasking = ["aws-encryption-sdk (>=4.0.5,<5.0.0)", "jsonpath-ng (>=1.6.0,<2.0.0)"]
kafka-consumer-avro = ["avro (>=1.12.0,<2.0.0)"]
kafka-consumer-protobuf = ["protobuf (>=6.30.2,<8.0.0)"]
parser = ["pydantic (>=2.4.0,<3.0.0)"]
redis = ["redis (>=4.4,<9.0)"]
tracer = ["aws-xray-sdk (>=2.8.0,<3.0.0)"]
validation = ["fastjsonschema (>=2.14.5,<3.0.0)"]
valkey = ["valkey-glide (>=1.3.5,<3.0)"]

[[package]]
name = "aws-xray-sdk"
version = "2.15.0"
description = "The AWS X-Ray SDK for Python (the SDK) enables Python developers to record and emit information from within their applications to the AWS X-Ray service."
optional = false
python-versions = ">=3.7"
groups = ["main"]
files = [
    {file = "aws_xray_sdk-2.15.0-py2.py3-none-any.whl", hash = "sha256:422d62ad7d52e373eebb90b642eb1bb24657afe03b22a8df4a8b2e5108e278a3"},
    {file = "aws_xray_sdk-2.15.0.tar.gz", hash = "sha256:794381b96e835314345068ae1dd3b9120bd8b4e21295066c37e8814dbb341365"},
]

[package.dependencies]
botocore = ">=1.11.3"
wrapt = "*"

[[package]]
name = "botocore"
version = "1.43.48"
description = "Low-level, data-driven core of boto 3."
optional = false
python-versions = ">=3.10"
groups = ["main"]
files = [
    {file = "botocore-1.43.48-py3-none-any.whl", hash = "sha256:cc9b4e925c1913d662194507f4f9b37aa744dcd2361af31c013672eafe824490"},
    {file = "botocore-1.43.48.tar.gz", hash = "sha256:4f60c1072fb529610359cdb6df92c59615d739df3b0a124091d3bbd28f7ea00c"},
]

[package.dependencies]
jmespath = ">=0.7.1,<2.0.0"
python-dateutil = ">=2.1,<3.0.0"
urllib3 = ">=1.25.4,<2.2.0 || >2.2.0,<3"

[package.extras]
crt = ["awscrt (==0.32.2)"]

[[package]]
name = "certifi"
version = "2026.6.17"
description = "Python package for providing Mozilla's CA Bundle."
optional = false
python-versions = ">=3.7"
groups = ["main"]
files = [
    {file = "certifi-2026.6.17-py3-none-any.whl", hash = "sha256:2227dcbaafe0d2f59279d1762ddddc37783ed4354594f194ffc31d20f41fc3db"},
    {file = "certifi-2026.6.17.tar.gz", hash = "sha256:024c88eeec92ca068db80f02b8b07c9cef7b9fe261d1d535abfd5abd6f6af432"},
]

[[package]]
name = "charset-normalizer"
version = "3.4.9"
description = "The Real First Universal Charset Detector. Open, modern and actively maintained alternative to Chardet."
optional = false
python-versions = ">=3.7"
groups = ["main"]
files = [
    {file = "charset_normalizer-3.4.9-cp310-cp310-macosx_10_9_universal2.whl", hash = "sha256:cd6280cf040f233bd7d3407b743b4b4c74f70e8e1c4199cb112a62c941c0772a"},
    {file = "charset_normalizer-3.4.9-cp310-cp310-manylinux2014_aarch64.manylinux_2_17_aarch64.manylinux_2_28_aarch64.whl", hash = "sha256:aa99adc8f081b475a12843953db36831eaf83ec33eb46a90629ca6a5de45a616"},
    {file = "charset_normalizer-3.4.9-cp310-cp310-manylinux2014_ppc64le.manylinux_2_17_ppc64le.manylinux_2_28_ppc64le.whl", hash = "sha256:c1225416b463483160e4af85d5fc3a9690ccb53fd4b1865a6437825f5ede3209"},
    {file = "charset_normalizer-3.4.9-cp310-cp310-manylinux2014_s390x.manylinux_2_17_s390x.manylinux_2_28_s390x.whl", hash = "sha256:16d10d789dd9bcca1173c95af82c58433122564b7bc39385124be735a35cbe99"},
    {file = "charset_normalizer-3.4.9-cp310-cp310-manylinux2014_x86_64.manylinux_2_17_x86_64.manylinux_2_28_x86_64.whl", hash = "sha256:9bb41182d93ea91f60b4bc8fbf4c820c69ef8a12ab2d917f3f1834f1acad07e8"},
    {file = "charset_normalizer-3.4.9-cp310-cp310-manylinux_2_31_armv7l.whl", hash = "sha256:bcf74c1df76758a395bf0af608c04c82257523f55c9868b334f06270d0f2112b"},
    {file = "charset_normalizer-3.4.9-cp310-cp310-manylinux_2_31_riscv64.manylinux_2_39_riscv64.whl", hash = "sha256:b5314963fce9b0b12743891de876e724997864ee22aa496f903f426c7e2fa5b2"},
    {file = "charset_normalizer-3.4.9-cp310-cp310-musllinux_1_2_aarch64.whl", hash = "sha256:e9701d0049d92c16703a42771b98d560b95248949f23f8cf7b4eddd201814fb9"},
    {file = "charset_normalizer-3.4.9-cp310-cp310-musllinux_1_2_armv7l.whl", hash = "sha256:65a7ff3f705e57d392f7261b6d0550fe137c3019477431f1c355e0db0a7d3e15"},
    {file = "charset_normalizer-3.4.9-cp310-cp310-musllinux_1_2_x86_64.whl", hash = "sha256:79580094b00d1789d1f93ea55bc43cb2f611910c72235b7657f3482ddcc1b22d"},
    {file = "charset_normalizer-3.4.9-cp310-cp310-win32.whl", hash = "sha256:432786d3561e69aeeae6c7e8648964ce0ad05736120135601f87ac26b9c83381"},
    {file = "charset_normalizer-3.4.9-cp310-cp310-win_amd64.whl", hash = "sha256:8c041122946b7ba21bb32c45b1aa57b1be35527690aeb3c5c234521085632eee"},
    {file = "charset_normalizer-3.4.9-cp310-cp310-win_arm64.whl", hash = "sha256:375b83ed0aecfce76c16d198fbc21f3b11b337d68662bea0a995046682a11419"},
    {file = "charset_normalizer-3.4.9-cp311-cp311-macosx_10_9_universal2.whl", hash = "sha256:0e94703ec9684807f20cfb5eed95c70f67f2a8f21ad620146d7b5a13677b93e5"},
    {file = "charset_normalizer-3.4.9-cp311-cp311-manylinux2014_aarch64.manylinux_2_17_aarch64.manylinux_2_28_aarch64.whl", hash = "sha256:2a441ea71902098ffe78c5abe6c494f44160b4af614ed16c3d9a3b1d17fd8ee2"},
    {file = "charset_normalizer-3.4.9-cp311-cp311-manylinux2014_ppc64le.manylinux_2_17_ppc64le.manylinux_2_28_ppc64le.whl", hash = "sha256:304b13570067b2547562e308af560b3963857b1fa90bd6afd978130130fe2d6a"},
    {file = "charset_normalizer-3.4.9-cp311-cp311-manylinux2014_s390x.manylinux_2_17_s390x.manylinux_2_28_s390x.whl", hash = "sha256:4773092f8019072343a7447203308b176e10199920eb02d6195e81bbb3274c29"},
    {file = "charset_normalizer-3.4.9-cp311-cp311-manylinux2014_x86_64.manylinux_2_17_x86_64.manylinux_2_28_x86_64.whl", hash = "sha256:04ce310cb89c15df659582aee80a0603788732a5e017d5bd5c81158106ce249c"},
    {file = "charset_normalizer-3.4.9-cp311-cp311-manylinux_2_31_armv7l.whl", hash = "sha256:c0323c9daef75ef2e5083624b4585018a0c9d5e3b40f607eed81a311270b934b"},
    {file = "charset_normalizer-3.4.9-cp311-cp311-manylinux_2_31_riscv64.manylinux_2_39_riscv64.whl", hash = "sha256:871ff67ea1aad4dfd91736464934d56b32dac49f9fbe16cddba36198a7b3a0db"},
    {file = "charset_normalizer-3.4.9-cp311-cp311-musllinux_1_2_aarch64.whl", hash = "sha256:67830fc78e67501f47bb950471b2dcb9b35b140084429318e862895a8e89c993"},
    {file = "charset_normalizer-3.4.9-cp311-cp311-musllinux_1_2_armv7l.whl", hash = "sha256:3d92613ec25e43b05f042302531ec0f00b8445190e43325880cbd6ab7c2581da"},
    {file = "charset_normalizer-3.4.9-cp311-cp311-musllinux_1_2_x86_64.whl", hash = "sha256:280081916dc341820640489a66e4696049401ef1cf6dd672f672e70ad915aca3"},
    {file = "charset_normalizer-3.4.9-cp311-cp311-win32.whl", hash = "sha256:ac351b3b8014eead140e77e9717e2992c6bbe30b63bc3422422eb84865412e3d"},
    {file = "charset_normalizer-3.4.9-cp311-cp311-win_amd64.whl", hash = "sha256:6366a16e1a25018694d6a5d784d09b046edc9eac40ea2b54065c3052672516a1"},
    {file = "charset_normalizer-3.4.9-cp311-cp311-win_arm64.whl", hash = "sha256:1d22856ffbe153a602df38e4a5464f0b748a54002e0d69ac6d2ad0a197cc99ec"},
    {file = "charset_normalizer-3.4.9-cp312-cp312-macosx_10_13_universal2.whl", hash = "sha256:45b0cc4e3556cd875e09102988d1ab8356c998b596c9fced84547c8138b487a0"},
    {file = "charset_normalizer-3.4.9-cp312-cp312-manylinux2014_aarch64.manylinux_2_17_aarch64.manylinux_2_28_aarch64.whl", hash = "sha256:9b2aff1c7b3884512b9512c3eaadd9bab39fb45042ffaaa1dd08ff2b9f8109d9"},
    {file = "charset_normalizer-3.4.9-cp312-cp312-manylinux2014_ppc64le.manylinux_2_17_ppc64le.manylinux_2_28_ppc64le.whl", hash = "sha256:9104ed0bd76a429d46f9ec0dbc9b08ad1d2dcdf2b00a5a0daa1c145329b35b44"},
    {file = "charset_normalizer-3.4.9-cp312-cp312-manylinux2014_s390x.manylinux_2_17_s390x.manylinux_2_28_s390x.whl", hash = "sha256:7b86a2b16095d250c6f58b3d9b2eee6f4147754344f3dab0922f7c9bf7d226c9"},
    {file = "charset_normalizer-3.4.9-cp312-cp312-manylinux2014_x86_64.manylinux_2_17_x86_64.manylinux_2_28_x86_64.whl", hash = "sha256:5e226f6218febc71f6c1fc2fafb91c226f75bdc1d8fb12d66823716e891608fd"},
    {file = "charset_normalizer-3.4.9-cp312-cp312-manylinux_2_31_armv7l.whl", hash = "sha256:90c44bc373b7687f6948b693cceaea1348ae0975d7474746559494468e3c1d84"},
    {file = "charset_normalizer-3.4.9-cp312-cp312-manylinux_2_31_riscv64.manylinux_2_39_riscv64.whl", hash = "sha256:9cdef90ae47919cae358d8ab15797a800ed41da7aba5d72419fb510729e2ed4b"},
    {file = "charset_normalizer-3.4.9-cp312-cp312-musllinux_1_2_aarch64.whl", hash = "sha256:60f44ade2cf573dad7a277e6f8ca9a51a21dda572b13bd7d8539bb3cd5dbedde"},
    {file = "charset_normalizer-3.4.9-cp312-cp312-musllinux_1_2_armv7l.whl", hash = "sha256:a1786910334ed46ab1dd73222f2cd1e05c2c3bb39f6dddb4f8b36fc382058a39"},
    {file = "charset_normalizer-3.4.9-cp312-cp312-musllinux_1_2_x86_64.whl", hash = "sha256:03d07803992c6c7bbc976327f34b18b6160327fc81cb82c9d504720ac0be3b62"},
    {file = "charset_normalizer-3.4.9-cp312-cp312-win32.whl", hash = "sha256:78841cccf1af7b40f6f716338d50c0902dbe88d9f800b3c973b7a9a0a693a642"},
    {file = "charset_normalizer-3.4.9-cp312-cp312-win_amd64.whl", hash = "sha256:4b3dac63058cc36820b0dd072f89898604e2d39686fe05321729d00d8ac185a0"},
    {file = "charset_normalizer-3.4.9-cp312-cp312-win_arm64.whl", hash = "sha256:78fa18e436a1a0e58dbd7e02fc4473f3f32cceb12df9dfca542d075961c307d2"},
    {file = "charset_normalizer-3.4.9-cp313-cp313-macosx_10_13_universal2.whl", hash = "sha256:440eede837960000d74978f0eba527be106b5b9aee0daf779d395276ed0b0614"},
    {file = "charset_normalizer-3.4.9-cp313-cp313-manylinux2014_aarch64.manylinux_2_17_aarch64.manylinux_2_28_aarch64.whl", hash = "sha256:21e764fd1e70b6a3e205a0e46f3051701f98a8cb3fad66eeb80e48bb502f8698"},
    {file = "charset_normalizer-3.4.9-cp313-cp313-manylinux2014_ppc64le.manylinux_2_17_ppc64le.manylinux_2_28_ppc64le.whl", hash = "sha256:e4fd89cc178bced6ad29cb3e6dd4aa63fa5017c3524dbd0b25998fb64a87cc8b"},
    {file = "charset_normalizer-3.4.9-cp313-cp313-manylinux2014_s390x.manylinux_2_17_s390x.manylinux_2_28_s390x.whl", hash = "sha256:bd47ba7fc3ca94896759ea0109775132d3e7ab921fbf54038e1bab2e46c313c9"},
    {file = "charset_normalizer-3.4.9-cp313-cp313-manylinux2014_x86_64.manylinux_2_17_x86_64.manylinux_2_28_x86_64.whl", hash = "sha256:84fd18bcc17526fc2b3c1af7d2b9217d32c9c04448c16ec693b9b4f1985c3d33"},
    {file = "charset_normalizer-3.4.9-cp313-cp313-manylinux_2_31_armv7l.whl", hash = "sha256:5b10cd92fc5c498b35a8635df6d5a100207f88b63a4dc1de7ef9a548e1e2cd63"},
    {file = "charset_normalizer-3.4.9-cp313-cp313-manylinux_2_31_riscv64.manylinux_2_39_riscv64.whl", hash = "sha256:a4fbdde9dd4a9ce5fd52c2b3a347bb50cc89483ef783f1cb00d408c13f7a96c0"},
    {file = "charset_normalizer-3.4.9-cp313-cp313-musllinux_1_2_aarch64.whl", hash = "sha256:416c229f77e5ea25b3dfd4b582f8d73d7e43c22320302b9ab128a2d3a0b38efe"},
    {file = "charset_normalizer-3.4.9-cp313-cp313-musllinux_1_2_armv7l.whl", hash = "sha256:75286256590a6320cf106a0d28970d3560aad9ee09aa7b34fb40524792436d35"},
    {file = "charset_normalizer-3.4.9-cp313-cp313-musllinux_1_2_x86_64.whl", hash = "sha256:69b157c5d3292bcd443faca052f3096f637f1e074b98212a933c074ae23dc3b8"},
    {file = "charset_normalizer-3.4.9-cp313-cp313-win32.whl", hash = "sha256:51307f5c71007673a2bf8232ad973483d281e74cb99c8c5a990af1eefa6277d9"},
    {file = "charset_normalizer-3.4.9-cp313-cp313-win_amd64.whl", hash = "sha256:fe2c7201c642b7c308f1675355ad7ff7b66acfe3541625efe5a3ad38f29d6115"},
    {file = "charset_normalizer-3.4.9-cp313-cp313-win_arm64.whl", hash = "sha256:611057cc5d5c0afc743ba8be6bd828c17e0aaa8643f9d0a9b9bb7dea80eb8012"},
    {file = "charset_normalizer-3.4.9-cp314-cp314-macosx_10_15_universal2.whl", hash = "sha256:0327fcd59a935777d83410750c50600ee9571af2846f71ce40f25b13da1ef380"},
    {file = "charset_normalizer-3.4.9-cp314-cp314-manylinux2014_aarch64.manylinux_2_17_aarch64.manylinux_2_28_aarch64.whl", hash = "sha256:8a79d9f4d8001473a30c163556b3c3bfebec837495a412dde78b51672f6134f9"},
    {file = "charset_normalizer-3.4.9-cp314-cp314-manylinux2014_ppc64le.manylinux_2_17_ppc64le.manylinux_2_28_ppc64le.whl", hash = "sha256:33bdcc2a32c0a0e861f60841a512c8acc658c87c2ac59d89e3a46dacf7d866e4"},
    {file = "charset_normalizer-3.4.9-cp314-cp314-manylinux2014_s390x.manylinux_2_17_s390x.manylinux_2_28_s390x.whl", hash = "sha256:f840ed6d8ecba8255df8c42b87fadeda98ddfc6eeec05e2dc66e26d46dd6f58a"},
    {file = "charset_normalizer-3.4.9-cp314-cp314-manylinux2014_x86_64.manylinux_2_17_x86_64.manylinux_2_28_x86_64.whl", hash = "sha256:c25fe15c70c59eb7c5ce8c06a1f3fa1da0ecc5ea1e7a5922c40fd2fa9b0d5046"},
    {file = "charset_normalizer-3.4.9-cp314-cp314-manylinux_2_31_armv7l.whl", hash = "sha256:f7fb7d750cfa0a070d2c24e831fd3481019a60dd317ea2b39acbcebc08b6ed81"},
    {file = "charset_normalizer-3.4.9-cp314-cp314-manylinux_2_31_riscv64.manylinux_2_39_riscv64.whl", hash = "sha256:4d1c96a7a18b9690a4d46df09e3e3382406ae3213727cd1019ebade1c4a81917"},
    {file = "charset_normalizer-3.4.9-cp314-cp314-musllinux_1_2_aarch64.whl", hash = "sha256:a4cfde78a9f2880208d16a93b795726a3017d5977e08d1e162a7a31322479c41"},
    {file = "charset_normalizer-3.4.9-cp314-cp314-musllinux_1_2_armv7l.whl", hash = "sha256:d4d6fcde76f94f5cb9e43e9e9a61f16dacefd228cbbf6f1a09bd9b219a92f1a1"},
    {file = "charset_normalizer-3.4.9-cp314-cp314-musllinux_1_2_x86_64.whl", hash = "sha256:898f0e9068ca27d37f8e83a5b962821df851532e6c4a7d615c1c033f9da6eedf"},
    {file = "charset_normalizer-3.4.9-cp314-cp314-win32.whl", hash = "sha256:c1c948747b03be832dceed96ca815cef7360de9aa19d37c730f8e3f6101aca48"},
    {file = "charset_normalizer-3.4.9-cp314-cp314-win_amd64.whl", hash = "sha256:16b65ea0f2465b6fb52aa22de5eca612aa964ddfec00a912e26f4656cbef890b"},
    {file = "charset_normalizer-3.4.9-cp314-cp314-win_arm64.whl", hash = "sha256:40a126142a56b2dfc0aacbad1de8310cbf60da7656db0e6b16eebd48e3e93519"},
    {file = "charset_normalizer-3.4.9-cp314-cp314t-macosx_10_15_universal2.whl", hash = "sha256:609b3ba8fcc0fb5ab7af00719d0fb6ad0cb518e48e7712d12fd68f1327951198"},
    {file = "charset_normalizer-3.4.9-cp314-cp314t-manylinux2014_aarch64.manylinux_2_17_aarch64.manylinux_2_28_aarch64.whl", hash = "sha256:51447e9aa2684679af07ca5021c3db526e0284347ebf4ffcec1154c3350cfe32"},
    {file = "charset_normalizer-3.4.9-cp314-cp314t-manylinux2014_ppc64le.manylinux_2_17_ppc64le.manylinux_2_28_ppc64le.whl", hash = "sha256:cc1b0fff8ead343dae06305f954eb8468ba0ec1a97881f42489d198e4ce3c632"},
    {file = "charset_normalizer-3.4.9-cp314-cp314t-manylinux2014_s390x.manylinux_2_17_s390x.manylinux_2_28_s390x.whl", hash = "sha256:fa36ec09ef71d158186bc79e359ff5fdd6e7996fe8ab638f00d6b93139ba4fcf"},
    {file = "charset_normalizer-3.4.9-cp314-cp314t-manylinux2014_x86_64.manylinux_2_17_x86_64.manylinux_2_28_x86_64.whl", hash = "sha256:df115d4d83168fdf2cae48ef1ff6d1cb4c466364e30861b37121de0f3bf1b990"},
    {file = "charset_normalizer-3.4.9-cp314-cp314t-manylinux_2_31_armv7l.whl", hash = "sha256:f86c6358749bd4fda175388691e3ba8c46e24c5347d0afd20f9b7edfc9faf07d"},
    {file = "charset_normalizer-3.4.9-cp314-cp314t-manylinux_2_31_riscv64.manylinux_2_39_riscv64.whl", hash = "sha256:32286a2c8d167e897177b673176c1e3e00d4057caf5d2b64eef9a3666b03018e"},
    {file = "charset_normalizer-3.4.9-cp314-cp314t-musllinux_1_2_aarch64.whl", hash = "sha256:83aed2c10721ddd90f68140685391b50811a880af20654c59af6b6c66c40513c"},
    {file = "charset_normalizer-3.4.9-cp314-cp314t-musllinux_1_2_armv7l.whl", hash = "sha256:cd6c3d4b783c556fa00bf540854e42f135e2f256abd29669fcd0da0f2dec79c2"},
    {file = "charset_normalizer-3.4.9-cp314-cp314t-musllinux_1_2_x86_64.whl", hash = "sha256:ee2f2a527e3c1a6e6411eb4209642e138b544a2d72fe5d0d76daf77b24063534"},
    {file = "charset_normalizer-3.4.9-cp314-cp314t-win32.whl", hash = "sha256:0d861473f743244d349b50f850d10eb87aeb22bbdcc8e64f79273c94af5a8226"},
    {file = "charset_normalizer-3.4.9-cp314-cp314t-win_amd64.whl", hash = "sha256:9b8e0f3107e2200b76f6054de99016eac3ee6762713587b36baaa7e4bd2ae177"},
    {file = "charset_normalizer-3.4.9-cp314-cp314t-win_arm64.whl", hash = "sha256:19ac87f93086ce37b86e098888555c4b4bc48102279bae3350098c0ed664b501"},
    {file = "charset_normalizer-3.4.9-cp39-cp39-macosx_10_9_universal2.whl", hash = "sha256:253a4a220747e8b5faf57ec320c4f5efb0cef05f647420bf267143ec15dba10a"},
    {file = "charset_normalizer-3.4.9-cp39-cp39-manylinux2014_aarch64.manylinux_2_17_aarch64.manylinux_2_28_aarch64.whl", hash = "sha256:68ce9f4d6b26d5ccbf7fd4459bf75f74a0a146677ebba80597df60cbdb20e6f4"},
    {file = "charset_normalizer-3.4.9-cp39-cp39-manylinux2014_ppc64le.manylinux_2_17_ppc64le.manylinux_2_28_ppc64le.whl", hash = "sha256:58150c9f9b9a552505912d182ccdf26f6396fb6094816ceebcbb20eecabaed94"},
    {file = "charset_normalizer-3.4.9-cp39-cp39-manylinux2014_s390x.manylinux_2_17_s390x.manylinux_2_28_s390x.whl", hash = "sha256:df7276909358e5635ae203673ab7e509ddd224225a8d6b0790bf13eb2bde1cc5"},
    {file = "charset_normalizer-3.4.9-cp39-cp39-manylinux2014_x86_64.manylinux_2_17_x86_64.manylinux_2_28_x86_64.whl", hash = "sha256:3c09a49d6cde137258beb3d551994a2927fd35ad5cf96aed573f61bbd67c5f84"},
    {file = "charset_normalizer-3.4.9-cp39-cp39-manylinux_2_31_armv7l.whl", hash = "sha256:231ddcbb35e2ff8973e1365db41fe0572662893b99a05deb183b68ad4c0c8bd4"},
    {file = "charset_normalizer-3.4.9-cp39-cp39-manylinux_2_31_riscv64.manylinux_2_39_riscv64.whl", hash = "sha256:920079c3f7456fa213e0829ed2073aaa727fd39d889ead5b4f35d0de5460d04f"},
    {file = "charset_normalizer-3.4.9-cp39-cp39-musllinux_1_2_aarch64.whl", hash = "sha256:0fa1aec2d32bcc03c8fa0f6f1712caad1adc38509f31142112e5c9daf5b9c833"},
    {file = "charset_normalizer-3.4.9-cp39-cp39-musllinux_1_2_armv7l.whl", hash = "sha256:ad41ba96094304aa090f5a30cb6e4fb3b3f1c264c523394b4c39bbacc4dc92ba"},
    {file = "charset_normalizer-3.4.9-cp39-cp39-musllinux_1_2_x86_64.whl", hash = "sha256:43b9e366a31fdd1c87d0eb08f579b4a82b723ea54338f040d6b4e518a026ea29"},
    {file = "charset_normalizer-3.4.9-cp39-cp39-win32.whl", hash = "sha256:93d59d504b230e83c7a843251681959a0b6a9cd76f6e146ce1b8a80eb8739af9"},
    {file = "charset_normalizer-3.4.9-cp39-cp39-win_amd64.whl", hash = "sha256:ddf4af30b417d9fe16481e9b81c27ab2a7cde1ff7ba3e85653b02db7d145dc7b"},
    {file = "charset_normalizer-3.4.9-cp39-cp39-win_arm64.whl", hash = "sha256:476743fe6dfe14a2da12e3ac79125dc84a3b2cf8094369a47a1529b0cd8549fe"},
    {file = "charset_normalizer-3.4.9-py3-none-any.whl", hash = "sha256:68e5f26a1ad57ded6d1cfb85331d1c1a195314756471d97758c48498bb4dcdf5"},
    {file = "charset_normalizer-3.4.9.tar.gz", hash = "sha256:673611bbd43f0810bec0b0f028ddeaaa501190339cac411f347ac76917c3ae7b"},
]

[[package]]
name = "fastjsonschema"
version = "2.21.2"
description = "Fastest Python implementation of JSON schema"
optional = false
python-versions = "*"
groups = ["main"]
files = [
    {file = "fastjsonschema-2.21.2-py3-none-any.whl", hash = "sha256:1c797122d0a86c5cace2e54bf4e819c36223b552017172f32c5c024a6b77e463"},
    {file = "fastjsonschema-2.21.2.tar.gz", hash = "sha256:b1eb43748041c880796cd077f1a07c3d94e93ae84bba5ed36800a33554ae05de"},
]

[package.extras]
devel = ["colorama", "json-spec", "jsonschema", "pylint", "pytest", "pytest-benchmark", "pytest-cache", "validictory"]

[[package]]
name = "idna"
version = "3.18"
description = "Internationalized Domain Names in Applications (IDNA)"
optional = false
python-versions = ">=3.9"
groups = ["main"]
files = [
    {file = "idna-3.18-py3-none-any.whl", hash = "sha256:7f952cbe720b688055e3f87de14f5c3e5fdaa8bc3928985c4077ca689de849a2"},
    {file = "idna-3.18.tar.gz", hash = "sha256:ffb385a7e039654cef1ab9ef32c6fafe283c0c0467bba1d9029738ce4a14a848"},
]

[package.extras]
all = ["mypy (>=1.11.2)", "pytest (>=8.3.2)", "ruff (>=0.6.2)"]

[[package]]
name = "jmespath"
version = "1.1.0"
description = "JSON Matching Expressions"
optional = false
python-versions = ">=3.9"
groups = ["main"]
files = [
    {file = "jmespath-1.1.0-py3-none-any.whl", hash = "sha256:a5663118de4908c91729bea0acadca56526eb2698e83de10cd116ae0f4e97c64"},
    {file = "jmespath-1.1.0.tar.gz", hash = "sha256:472c87d80f36026ae83c6ddd0f1d05d4e510134ed462851fd5f754c8c3cbb88d"},
]

[[package]]
name = "mypy-boto3-dynamodb"
version = "1.43.0"
description = "Type annotations for boto3 DynamoDB 1.43.0 service generated with mypy-boto3-builder 8.12.0"
optional = false
python-versions = ">=3.9"
groups = ["dev"]
files = [
    {file = "mypy_boto3_dynamodb-1.43.0-py3-none-any.whl", hash = "sha256:60b64d15e86d406a980d96f734d8c7fb1704668d0234dc8dabd2532c902a3ba6"},
    {file = "mypy_boto3_dynamodb-1.43.0.tar.gz", hash = "sha256:f0cea38e058f1d07361ecb55d8f40665d824b42cf4864724c7fccc8bf3946fcd"},
]

[[package]]
name = "mypy-boto3-s3"
version = "1.43.31"
description = "Type annotations for boto3 S3 1.43.31 service generated with mypy-boto3-builder 8.12.0"
optional = false
python-versions = ">=3.9"
groups = ["dev"]
files = [
    {file = "mypy_boto3_s3-1.43.31-py3-none-any.whl", hash = "sha256:b21c97c0db23cffcf0704625b42cf369366ad4bbdf84a4eb2fa265431c60ae83"},
    {file = "mypy_boto3_s3-1.43.31.tar.gz", hash = "sha256:fb8674063f3a491f1364c025371c3155077cd780bd04176497f8b31b5a8dd34f"},
]

[[package]]
name = "mypy-boto3-sqs"
version = "1.43.0"
description = "Type annotations for boto3 SQS 1.43.0 service generated with mypy-boto3-builder 8.12.0"
optional = false
python-versions = ">=3.9"
groups = ["dev"]
files = [
    {file = "mypy_boto3_sqs-1.43.0-py3-none-any.whl", hash = "sha256:f90225486756a4041db9f056967cb3cee202264bbe57682031c1e94d83e8ca39"},
    {file = "mypy_boto3_sqs-1.43.0.tar.gz", hash = "sha256:3ec8e1e651e830affcf7fe151b2e3090b8ea98d73cb069053b09ca4c7f4c8636"},
]

[[package]]
name = "python-dateutil"
version = "2.9.0.post0"
description = "Extensions to the standard Python datetime module"
optional = false
python-versions = "!=3.0.*,!=3.1.*,!=3.2.*,>=2.7"
groups = ["main"]
files = [
    {file = "python-dateutil-2.9.0.post0.tar.gz", hash = "sha256:37dd54208da7e1cd875388217d5e00ebd4179249f90fb72437e91a35459a0ad3"},
    {file = "python_dateutil-2.9.0.post0-py2.py3-none-any.whl", hash = "sha256:a8b2bc7bffae282281c8140a97d3aa9c14da0b136dfe83f850eea9a5f7470427"},
]

[package.dependencies]
six = ">=1.5"

[[package]]
name = "requests"
version = "2.34.2"
description = "Python HTTP for Humans."
optional = false
python-versions = ">=3.10"
groups = ["main"]
files = [
    {file = "requests-2.34.2-py3-none-any.whl", hash = "sha256:2a0d60c172f83ac6ab31e4554906c0f3b3588d37b5cb939b1c061f4907e278e0"},
    {file = "requests-2.34.2.tar.gz", hash = "sha256:f288924cae4e29463698d6d60bc6a4da69c89185ad1e0bcc4104f584e960b9ed"},
]

[package.dependencies]
certifi = ">=2023.5.7"
charset_normalizer = ">=2,<4"
idna = ">=2.5,<4"
urllib3 = ">=1.26,<3"

[package.extras]
socks = ["PySocks (>=1.5.6,!=1.5.7)"]
use-chardet-on-py3 = ["chardet (>=3.0.2,<8)"]

[[package]]
name = "six"
version = "1.17.0"
description = "Python 2 and 3 compatibility utilities"
optional = false
python-versions = "!=3.0.*,!=3.1.*,!=3.2.*,>=2.7"
groups = ["main"]
files = [
    {file = "six-1.17.0-py2.py3-none-any.whl", hash = "sha256:4721f391ed90541fddacab5acf947aa0d3dc7d27b2e1e8eda2be8970586c3274"},
    {file = "six-1.17.0.tar.gz", hash = "sha256:ff70335d468e7eb6ec65b95b99d3a2836546063f63acc5171de367e834932a81"},
]

[[package]]
name = "typing-extensions"
version = "4.16.0"
description = "Backported and Experimental Type Hints for Python 3.9+"
optional = false
python-versions = ">=3.9"
groups = ["main"]
files = [
    {file = "typing_extensions-4.16.0-py3-none-any.whl", hash = "sha256:481caa481374e813c1b176ada14e97f1f67a4539ce9cfeb3f350d78d6370c2e8"},
    {file = "typing_extensions-4.16.0.tar.gz", hash = "sha256:dc983d19a509c94dba722ee6abd33940f7c05a89e243c47e907eb4db6f1a43e5"},
]

[[package]]
name = "urllib3"
version = "2.7.0"
description = "HTTP library with thread-safe connection pooling, file post, and more."
optional = false
python-versions = ">=3.10"
groups = ["main"]
files = [
    {file = "urllib3-2.7.0-py3-none-any.whl", hash = "sha256:9fb4c81ebbb1ce9531cce37674bbc6f1360472bc18ca9a553ede278ef7276897"},
    {file = "urllib3-2.7.0.tar.gz", hash = "sha256:231e0ec3b63ceb14667c67be60f2f2c40a518cb38b03af60abc813da26505f4c"},
]

[package.extras]
brotli = ["brotli (>=1.2.0) ; platform_python_implementation == \"CPython\"", "brotlicffi (>=1.2.0.0) ; platform_python_implementation != \"CPython\""]
h2 = ["h2 (>=4,<5)"]
socks = ["pysocks (>=1.5.6,!=1.5.7,<2.0)"]
zstd = ["backports-zstd (>=1.0.0) ; python_version < \"3.14\""]

[[package]]
name = "wrapt"
version = "2.2.2"
description = "Module for decorators, wrappers and monkey patching."
optional = false
python-versions = ">=3.9"
groups = ["main"]
files = [
    {file = "wrapt-2.2.2-cp310-cp310-macosx_10_9_x86_64.whl", hash = "sha256:055e6fcfaa28e58c6a8c247d48b92be9d56f818b7068aa4f22b15b3343a09931"},
    {file = "wrapt-2.2.2-cp310-cp310-macosx_11_0_arm64.whl", hash = "sha256:8374eb6b1a58809211e84ff835a182bb17ab2807a5bfef23204c8cff38178a00"},
    {file = "wrapt-2.2.2-cp310-cp310-manylinux1_x86_64.manylinux_2_28_x86_64.manylinux_2_5_x86_64.whl", hash = "sha256:656593bb3f5529f03d27af4136c4d7b11990e470bcbc6fefa5ef218695bece55"},
    {file = "wrapt-2.2.2-cp310-cp310-manylinux2014_aarch64.manylinux_2_17_aarch64.manylinux_2_28_aarch64.whl", hash = "sha256:dfb00cb7bb22099e2f64b7340fb96113639aa7260c0972af3797ace2297b936c"},
    {file = "wrapt-2.2.2-cp310-cp310-manylinux_2_31_riscv64.manylinux_2_39_riscv64.whl", hash = "sha256:e7f10ee0bd53673bfd52b67cbce83336fe6cad90d2377b03baf66491d2bbfb91"},
    {file = "wrapt-2.2.2-cp310-cp310-musllinux_1_2_aarch64.whl", hash = "sha256:4402f57c5f0d0579599858ffbdd9bf4e3f0972f51096f2bd6cc7dab6b76ee49e"},
    {file = "wrapt-2.2.2-cp310-cp310-musllinux_1_2_riscv64.whl", hash = "sha256:3a4eb7964ff4643d333c84f880bcf554652b2a1050aebc54ae696327f61acfaf"},
    {file = "wrapt-2.2.2-cp310-cp310-musllinux_1_2_x86_64.whl", hash = "sha256:e542b7c5af91e2123a8aabf19894319d5ec4268d2a9ffd2f239386133fc47746"},
    {file = "wrapt-2.2.2-cp310-cp310-win32.whl", hash = "sha256:6e7e45b43d3c774d244fe7264378f5a3f0f383bc55a54a9866434e524540110f"},
    {file = "wrapt-2.2.2-cp310-cp310-win_amd64.whl", hash = "sha256:955f1d6e72a352e478de8d8b503abe301c5e139a141b62eb0923bd694995025f"},
    {file = "wrapt-2.2.2-cp310-cp310-win_arm64.whl", hash = "sha256:b89d8d73c82db2bb7e6090b3afd7973f980d24e905cc34394eab60b884b3bf67"},
    {file = "wrapt-2.2.2-cp311-cp311-macosx_10_9_x86_64.whl", hash = "sha256:f1a2ff355ece6a111ca7a20dc86df6659c9205d3fcee674ca34f2a2854fd4e73"},
    {file = "wrapt-2.2.2-cp311-cp311-macosx_11_0_arm64.whl", hash = "sha256:55b9a899e6fff5444f229d30aa6e9ac92d2216d9d60f33c771b5d76a760d5f8e"},
    {file = "wrapt-2.2.2-cp311-cp311-manylinux1_x86_64.manylinux_2_28_x86_64.manylinux_2_5_x86_64.whl", hash = "sha256:a2d78c363f97d8bd718ee40432c66395685e9e98528ccaa423c3355d1715a26d"},
    {file = "wrapt-2.2.2-cp311-cp311-manylinux2014_aarch64.manylinux_2_17_aarch64.manylinux_2_28_aarch64.whl", hash = "sha256:d619e1eed9bd4f6ed9f24cd61971aa086fa86505289628d464bcf8a2c2e3f328"},
    {file = "wrapt-2.2.2-cp311-cp311-manylinux_2_31_riscv64.manylinux_2_39_riscv64.whl", hash = "sha256:518b0c5e323511ec56a38894802ddd5e1222626484e68efe63f201854ad788e5"},
    {file = "wrapt-2.2.2-cp311-cp311-musllinux_1_2_aarch64.whl", hash = "sha256:4bccea5cdecffa9dd70e343741f0e41e0a16619313d04b72f78bb525162ebcd0"},
    {file = "wrapt-2.2.2-cp311-cp311-musllinux_1_2_riscv64.whl", hash = "sha256:209112cafd963710a05d199aae431d79a28bc76eb8e6d1bbbb8ad24340722cae"},
    {file = "wrapt-2.2.2-cp311-cp311-musllinux_1_2_x86_64.whl", hash = "sha256:e5a5290e4bf2f332fc29ce72ffb9a2fff678aaac047e2e9f5f7165cd7792e099"},
    {file = "wrapt-2.2.2-cp311-cp311-win32.whl", hash = "sha256:5499236ad1dc116012e2a5dd943f3f31af12fce452128e2bbcbd55a7d3d4d14c"},
    {file = "wrapt-2.2.2-cp311-cp311-win_amd64.whl", hash = "sha256:8636809939152be6ae20a6cef0fed9fe60f411b47847d0426a826884b469e971"},
    {file = "wrapt-2.2.2-cp311-cp311-win_arm64.whl", hash = "sha256:5d0a142f7af07caeb5e5da87493162a7b8efa19ba919e550a746f7446e13fb30"},
    {file = "wrapt-2.2.2-cp312-cp312-macosx_10_13_x86_64.whl", hash = "sha256:8417fd3c674d3c8023d080292d29301531a12daf8bd938dd419710dd2f464f2b"},
    {file = "wrapt-2.2.2-cp312-cp312-macosx_11_0_arm64.whl", hash = "sha256:0e7070c7472582e31af3dfc2622b2381a0df7435110a9388ed8db5ffbce67efb"},
    {file = "wrapt-2.2.2-cp312-cp312-manylinux1_x86_64.manylinux_2_28_x86_64.manylinux_2_5_x86_64.whl", hash = "sha256:2e096c9d39a59b35b63c9aacfbbbec2088ff51ff1fc31051acc60a07f42f273a"},
    {file = "wrapt-2.2.2-cp312-cp312-manylinux2014_aarch64.manylinux_2_17_aarch64.manylinux_2_28_aarch64.whl", hash = "sha256:6d1a6050405bf334be33bf66296f113563622972a34900ae6fa60fd283a1a900"},
    {file = "wrapt-2.2.2-cp312-cp312-manylinux_2_31_riscv64.manylinux_2_39_riscv64.whl", hash = "sha256:10adb01371408c6de504a6658b9886480f1a4919a83752748a387a504a21df79"},
    {file = "wrapt-2.2.2-cp312-cp312-musllinux_1_2_aarch64.whl", hash = "sha256:3442eee2a5798f9b451f1b2cd7518ce8b7e28a2a364696c414460a0e295c012a"},
    {file = "wrapt-2.2.2-cp312-cp312-musllinux_1_2_riscv64.whl", hash = "sha256:6c99012a22f735a85eed7c4b86a3e99c30fdd57d9e115b2b45f796264b58d0bf"},
    {file = "wrapt-2.2.2-cp312-cp312-musllinux_1_2_x86_64.whl", hash = "sha256:3b686cfc008776a3952d6213cb296ed7f45d782a8453936406faa89eac0835ab"},
    {file = "wrapt-2.2.2-cp312-cp312-win32.whl", hash = "sha256:ef2cce266b5b0b07e19fa82e59673b81142b7a3607c8ed1254113d048ed668da"},
    {file = "wrapt-2.2.2-cp312-cp312-win_amd64.whl", hash = "sha256:abf8c20a2d72ee69e16328b3c91342c446e723bfe48bfcc4dded3b9722ac027f"},
    {file = "wrapt-2.2.2-cp312-cp312-win_arm64.whl", hash = "sha256:c6c64c5d02578bc4c4bca4f0aef1504de933c1d5b4ac2710b9131111459506c8"},
    {file = "wrapt-2.2.2-cp313-cp313-macosx_10_13_x86_64.whl", hash = "sha256:9e8b648270c613720a202d9a45ebabc33261b22c3a839b115ac5bce8c0bb0d69"},
    {file = "wrapt-2.2.2-cp313-cp313-macosx_11_0_arm64.whl", hash = "sha256:e6fb7e94e8fe3e4c3067bb1653a91cce7c5e83acc119fdd41501b1bf74654617"},
    {file = "wrapt-2.2.2-cp313-cp313-manylinux1_x86_64.manylinux_2_28_x86_64.manylinux_2_5_x86_64.whl", hash = "sha256:fb18fc51e813df0d9c98049e3bf2298a5495a648602040e21fa3c7329371159e"},
    {file = "wrapt-2.2.2-cp313-cp313-manylinux2014_aarch64.manylinux_2_17_aarch64.manylinux_2_28_aarch64.whl", hash = "sha256:94b00b00f806eb3ef2abe9049ed45994a81ee9284884d96e6b8314927c6cea3d"},
    {file = "wrapt-2.2.2-cp313-cp313-manylinux_2_31_riscv64.manylinux_2_39_riscv64.whl", hash = "sha256:62415fd095bc590b842b6d092f2b5d9ccbaeb7e0b28535c03dcea2718b48636b"},
    {file = "wrapt-2.2.2-cp313-cp313-musllinux_1_2_aarch64.whl", hash = "sha256:a41e758d80dc0ab8c210f641ac892009d356cf1f955d97db544c8dd317b4d14c"},
    {file = "wrapt-2.2.2-cp313-cp313-musllinux_1_2_riscv64.whl", hash = "sha256:b84cd4058001c9727b0e9980b7a9e66325b5ca748b1b578e822cade1bc6b304f"},
    {file = "wrapt-2.2.2-cp313-cp313-musllinux_1_2_x86_64.whl", hash = "sha256:26fc73a1b15e0946d2942b9a4426d162b51676338327dc067ccd8d2d76385f94"},
    {file = "wrapt-2.2.2-cp313-cp313-win32.whl", hash = "sha256:3c4095803491f6ef72128914c28ec05bbad9758433bb35f6715a3e9c8e46fb2d"},
    {file = "wrapt-2.2.2-cp313-cp313-win_amd64.whl", hash = "sha256:2cb07f414fab25dbe6b5c7398e1491423a5c81a6209533639969a6c928d474a4"},
    {file = "wrapt-2.2.2-cp313-cp313-win_arm64.whl", hash = "sha256:1fc7691f070220215cccb2a20836b9adbaecb8ff22ad47abe63de5f110994fac"},
    {file = "wrapt-2.2.2-cp313-cp313t-macosx_10_13_x86_64.whl", hash = "sha256:ec8f83949028366531383603139403cac7a826e4011955813cdd640017845ce5"},
    {file = "wrapt-2.2.2-cp313-cp313t-macosx_11_0_arm64.whl", hash = "sha256:4b481fb0c40d9fd90a5809911208da700987d373a20a4709dc9e3944af7a6bec"},
    {file = "wrapt-2.2.2-cp313-cp313t-manylinux1_x86_64.manylinux_2_28_x86_64.manylinux_2_5_x86_64.whl", hash = "sha256:0065a3b657cec06813b4241d2462ccec287f6863103d7445b725fb3a889736f9"},
    {file = "wrapt-2.2.2-cp313-cp313t-manylinux2014_aarch64.manylinux_2_17_aarch64.manylinux_2_28_aarch64.whl", hash = "sha256:30f7424af5c5c345b7f26490e097f74a2ef45b3d08b664dc33571aee3bd3b56c"},
    {file = "wrapt-2.2.2-cp313-cp313t-manylinux_2_31_riscv64.manylinux_2_39_riscv64.whl", hash = "sha256:07fdcb012821859168641acf68afad61ef9783cf37100af85f152550e9677194"},
    {file = "wrapt-2.2.2-cp313-cp313t-musllinux_1_2_aarch64.whl", hash = "sha256:f90038ab58fafb584801ca62d72384d7d5225d93c76f7b773c22fae545bd8066"},
    {file = "wrapt-2.2.2-cp313-cp313t-musllinux_1_2_riscv64.whl", hash = "sha256:c5d7825491bfa2d08b97e9557768987952c7b9ae687d06c3320b40a37ccb7f20"},
    {file = "wrapt-2.2.2-cp313-cp313t-musllinux_1_2_x86_64.whl", hash = "sha256:0ad520e6daa9bbf136f14de735474dbec7dcc0891f718e1d274ce8dc92e645af"},
    {file = "wrapt-2.2.2-cp313-cp313t-win32.whl", hash = "sha256:25904acb9475f46c24fe0423dbc8fda8cc5fbc282ab3dc6e72e919748c53f4e9"},
    {file = "wrapt-2.2.2-cp313-cp313t-win_amd64.whl", hash = "sha256:305d4c247d61c4115794a169141823c62f719525ddb90b23aa332741c77d2c28"},
    {file = "wrapt-2.2.2-cp313-cp313t-win_arm64.whl", hash = "sha256:c20279cd1a29800815d7b2d6338b60a6c6e78263f9d6e62e0eda251ba9cae2d0"},
    {file = "wrapt-2.2.2-cp314-cp314-macosx_10_15_x86_64.whl", hash = "sha256:0e64826f920c42d9d9f87e8cc09ffae66c51ede12d59061a5a426deb9aa71745"},
    {file = "wrapt-2.2.2-cp314-cp314-macosx_11_0_arm64.whl", hash = "sha256:dcaa5e1451bd8751d7bd1568dfa3321c78092a52a7ecb5d1a0f18a5791e1fd00"},
    {file = "wrapt-2.2.2-cp314-cp314-manylinux1_x86_64.manylinux_2_28_x86_64.manylinux_2_5_x86_64.whl", hash = "sha256:0abfd648dac9ac9c5b3aa9b523d27f1789046640b58dcd5652a720ddb325e1fc"},
    {file = "wrapt-2.2.2-cp314-cp314-manylinux2014_aarch64.manylinux_2_17_aarch64.manylinux_2_28_aarch64.whl", hash = "sha256:f4bfd8d1eb438153eff8b8cfe87f032ba65731e1ce06138b5090f745a33f6f95"},
    {file = "wrapt-2.2.2-cp314-cp314-manylinux_2_31_riscv64.manylinux_2_39_riscv64.whl", hash = "sha256:c427c9d06d859848a69f0d928fe28b5c33a941b2265d10a0e1f15cd244f1ee33"},
    {file = "wrapt-2.2.2-cp314-cp314-musllinux_1_2_aarch64.whl", hash = "sha256:4250b43d1a129d947e083c4dc6baf333c9bb34edd26f912d5b0457841fc858ab"},
    {file = "wrapt-2.2.2-cp314-cp314-musllinux_1_2_riscv64.whl", hash = "sha256:173e5bb5ca350a6e0abab60b7ec7cdd7992a814cb14b4de670a28f067f105663"},
    {file = "wrapt-2.2.2-cp314-cp314-musllinux_1_2_x86_64.whl", hash = "sha256:aa14b01804bce36c6d63d7b6a4f55df390f29f8648cc13a1f40b166f4d54680d"},
    {file = "wrapt-2.2.2-cp314-cp314-win32.whl", hash = "sha256:58f9f8d637c9a6e245c6ef5b109b67ec187d2faed23d1405656b51d96e0a5b56"},
    {file = "wrapt-2.2.2-cp314-cp314-win_amd64.whl", hash = "sha256:385cb1866f20479e83299af585375bfa0a4b0c6c9907a981483ea782ea8ae406"},
    {file = "wrapt-2.2.2-cp314-cp314-win_arm64.whl", hash = "sha256:8ffbeaea6771a6eba6e6eeb09767864995726bc8240bb54baf88a9bb1db34d5c"},
    {file = "wrapt-2.2.2-cp314-cp314t-macosx_10_15_x86_64.whl", hash = "sha256:09f811d43f6f33ec7515f0be76b159569f4057ab54d3e079c3204dddb90afa2a"},
    {file = "wrapt-2.2.2-cp314-cp314t-macosx_11_0_arm64.whl", hash = "sha256:a795d3c06e5fbf9ea2f13196180b77aeab1b4685917256ee0d014cc163d90063"},
    {file = "wrapt-2.2.2-cp314-cp314t-manylinux1_x86_64.manylinux_2_28_x86_64.manylinux_2_5_x86_64.whl", hash = "sha256:45c2f2768e790c9f8db90f239ef23a2af8e7570f25a35619ef902df4a738447f"},
    {file = "wrapt-2.2.2-cp314-cp314t-manylinux2014_aarch64.manylinux_2_17_aarch64.manylinux_2_28_aarch64.whl", hash = "sha256:bbf00ee0cb55ec24e2b0995a71942b85b21a066db8f3f46e1dbfdb9433ffba81"},
    {file = "wrapt-2.2.2-cp314-cp314t-manylinux_2_31_riscv64.manylinux_2_39_riscv64.whl", hash = "sha256:2252f77663651b89255895f58cc6ac08fcb206d4371813e5af61bb62d4f7689c"},
    {file = "wrapt-2.2.2-cp314-cp314t-musllinux_1_2_aarch64.whl", hash = "sha256:2cd7181ab1c31192ff5219269830744b5a62020b3a6d433588c4f1c95b8f8bff"},
    {file = "wrapt-2.2.2-cp314-cp314t-musllinux_1_2_riscv64.whl", hash = "sha256:6fe35fd51b74867d8b80174c277bd6bbf6a73e443f908129dc531c4b688a20d5"},
    {file = "wrapt-2.2.2-cp314-cp314t-musllinux_1_2_x86_64.whl", hash = "sha256:11d95fc2fbad3163596c39d440e6f21ca9fccece74b56e30a37ac2fca786a07c"},
    {file = "wrapt-2.2.2-cp314-cp314t-win32.whl", hash = "sha256:d8a15813215f33fa83667bfc978b300e35669ea8bb424e970a1426bcb7bc6cca"},
    {file = "wrapt-2.2.2-cp314-cp314t-win_amd64.whl", hash = "sha256:d09db0f7e8357060d3c38fc22a018aba683a796bf184360fd1a58f6fc180dc77"},
    {file = "wrapt-2.2.2-cp314-cp314t-win_arm64.whl", hash = "sha256:f32fe639c39561ccc187bcae17e9271be0eb45f1c2952510d2f29b33ab577347"},
    {file = "wrapt-2.2.2-cp39-cp39-macosx_10_9_x86_64.whl", hash = "sha256:d01d8e0afc55823245a3b97a79c7c77464e31ea7a7b629a4bf26f9441dc1f18e"},
    {file = "wrapt-2.2.2-cp39-cp39-macosx_11_0_arm64.whl", hash = "sha256:a28287413351cb198b8c5ddd045c56fac1d195808642cd264d1ab50426146650"},
    {file = "wrapt-2.2.2-cp39-cp39-manylinux1_x86_64.manylinux_2_28_x86_64.manylinux_2_5_x86_64.whl", hash = "sha256:abf033b7e4542357659cd83ed6cd5033c43aaa1887044045ceb571528837f72f"},
    {file = "wrapt-2.2.2-cp39-cp39-manylinux2014_aarch64.manylinux_2_17_aarch64.manylinux_2_28_aarch64.whl", hash = "sha256:7d2f6573561fa05002e5ee71529f4ab0a7dffed3e45b51013fe6298fe2723c02"},
    {file = "wrapt-2.2.2-cp39-cp39-manylinux_2_31_riscv64.manylinux_2_39_riscv64.whl", hash = "sha256:c38510a21d5b9cf3e84c460d909e9f2a098667439fd42841bb081cab45835d68"},
    {file = "wrapt-2.2.2-cp39-cp39-musllinux_1_2_aarch64.whl", hash = "sha256:cd385a48b055bdc3630ab30e0c7fd8514a36904ec23f9cee7a65d887334a3cea"},
    {file = "wrapt-2.2.2-cp39-cp39-musllinux_1_2_riscv64.whl", hash = "sha256:3dc3dcfc2da95d501905f10dc11a0dc622e91d8cdd8bbfcb63ca54afd131e556"},
    {file = "wrapt-2.2.2-cp39-cp39-musllinux_1_2_x86_64.whl", hash = "sha256:fa81c5b5fe8cd6c41e3a798533b81288279e5fdbde2128f21071922764281c99"},
    {file = "wrapt-2.2.2-cp39-cp39-win32.whl", hash = "sha256:814f1bf3e0a7035f67a1db0cdaf5e2bbcaa4d7092db96673cfa467adeaab8591"},
    {file = "wrapt-2.2.2-cp39-cp39-win_amd64.whl", hash = "sha256:9ee098171b07edba66ab69a9bf0251d3cbef654107e800feb24c0c6f30592728"},
    {file = "wrapt-2.2.2-cp39-cp39-win_arm64.whl", hash = "sha256:3179a4db066b53d40562e368b12895440c8f0953b6543b89d6acc41c0273996e"},
    {file = "wrapt-2.2.2-py3-none-any.whl", hash = "sha256:5bad217350f19ce99ca5b5e71d406765ea86fe541628426772b657375ee1c048"},
    {file = "wrapt-2.2.2.tar.gz", hash = "sha256:0788e321027c999bf221b667bd4a54aaefd1a36283749a860ac3eb77daed0302"},
]

[package.extras]
dev = ["pytest", "setuptools"]

[metadata]
lock-version = "2.1"
python-versions = "^3.12"
content-hash = "73c40245b93e8623d479bc98e9473f1b1c31d49fcbf34a9ec4f02903b65f43d7"
